
Microsoft Visual Studio Solution File, Format Version 12.00
# Visual Studio 15
VisualStudioVersion = 15.0.27703.2035
MinimumVisualStudioVersion = 10.0.40219.1
Project("{FAE04EC0-301F-11D3-BF4B-00C04F79EFBC}") = "SocialNetwork", "SocialNetwork\SocialNetwork.csproj", "{0D6B4D1D-A14A-43D5-A192-A403A7FA0BFB}"
EndProject
Project("{FAE04EC0-301F-11D3-BF4B-00C04F79EFBC}") = "SocialNetwork.Tests", "SocialNetwork.Tests\SocialNetwork.Tests.csproj", "{2EF8E5B3-270E-4250-808B-F05C0AC112B6}"
EndProject
Project("{FAE04EC0-301F-11D3-BF4B-00C04F79EFBC}") = "DAL", "DAL\DAL.csproj", "{45F859BD-526E-47ED-8231-341F4C3E0136}"
EndProject
Project("{FAE04EC0-301F-11D3-BF4B-00C04F79EFBC}") = "BLL", "BLL\BLL.csproj", "{390E3013-129E-4BFE-937E-E023EF16F4AF}"
EndProject
Project("{FAE04EC0-301F-11D3-BF4B-00C04F79EFBC}") = "BLL.Test", "BLL.Test\BLL.Test.csproj", "{0783F59B-6299-4EF6-8591-B8792EA6475E}"
EndProject
Global
	GlobalSection(SolutionConfigurationPlatforms) = preSolution
		Debug|Any CPU = Debug|Any CPU
		Debug|ARM = Debug|ARM
		Debug|x64 = Debug|x64
		Debug|x86 = Debug|x86
		Release|Any CPU = Release|Any CPU
		Release|ARM = Release|ARM
		Release|x64 = Release|x64
		Release|x86 = Release|x86
	EndGlobalSection
	GlobalSection(ProjectConfigurationPlatforms) = postSolution
		{0D6B4D1D-A14A-43D5-A192-A403A7FA0BFB}.Debug|Any CPU.ActiveCfg = Debug|Any CPU
		{0D6B4D1D-A14A-43D5-A192-A403A7FA0BFB}.Debug|Any CPU.Build.0 = Debug|Any CPU
		{0D6B4D1D-A14A-43D5-A192-A403A7FA0BFB}.Debug|ARM.ActiveCfg = Debug|Any CPU
		{0D6B4D1D-A14A-43D5-A192-A403A7FA0BFB}.Debug|ARM.Build.0 = Debug|Any CPU
		{0D6B4D1D-A14A-43D5-A192-A403A7FA0BFB}.Debug|x64.ActiveCfg = Debug|Any CPU
		{0D6B4D1D-A14A-43D5-A192-A403A7FA0BFB}.Debug|x64.Build.0 = Debug|Any CPU
		{0D6B4D1D-A14A-43D5-A192-A403A7FA0BFB}.Debug|x86.ActiveCfg = Debug|Any CPU
		{0D6B4D1D-A14A-43D5-A192-A403A7FA0BFB}.Debug|x86.Build.0 = Debug|Any CPU
		{0D6B4D1D-A14A-43D5-A192-A403A7FA0BFB}.Release|Any CPU.ActiveCfg = Release|Any CPU
		{0D6B4D1D-A14A-43D5-A192-A403A7FA0BFB}.Release|Any CPU.Build.0 = Release|Any CPU
		{0D6B4D1D-A14A-43D5-A192-A403A7FA0BFB}.Release|ARM.ActiveCfg = Release|Any CPU
		{0D6B4D1D-A14A-43D5-A192-A403A7FA0BFB}.Release|ARM.Build.0 = Release|Any CPU
		{0D6B4D1D-A14A-43D5-A192-A403A7FA0BFB}.Release|x64.ActiveCfg = Release|Any CPU
		{0D6B4D1D-A14A-43D5-A192-A403A7FA0BFB}.Release|x64.Build.0 = Release|Any CPU
		{0D6B4D1D-A14A-43D5-A192-A403A7FA0BFB}.Release|x86.ActiveCfg = Release|Any CPU
		{0D6B4D1D-A14A-43D5-A192-A403A7FA0BFB}.Release|x86.Build.0 = Release|Any CPU
		{2EF8E5B3-270E-4250-808B-F05C0AC112B6}.Debug|Any CPU.ActiveCfg = Debug|Any CPU
		{2EF8E5B3-270E-4250-808B-F05C0AC112B6}.Debug|Any CPU.Build.0 = Debug|Any CPU
		{2EF8E5B3-270E-4250-808B-F05C0AC112B6}.Debug|ARM.ActiveCfg = Debug|Any CPU
		{2EF8E5B3-270E-4250-808B-F05C0AC112B6}.Debug|ARM.Build.0 = Debug|Any CPU
		{2EF8E5B3-270E-4250-808B-F05C0AC112B6}.Debug|x64.ActiveCfg = Debug|Any CPU
		{2EF8E5B3-270E-4250-808B-F05C0AC112B6}.Debug|x64.Build.0 = Debug|Any CPU
		{2EF8E5B3-270E-4250-808B-F05C0AC112B6}.Debug|x86.ActiveCfg = Debug|Any CPU
		{2EF8E5B3-270E-4250-808B-F05C0AC112B6}.Debug|x86.Build.0 = Debug|Any CPU
		{2EF8E5B3-270E-4250-808B-F05C0AC112B6}.Release|Any CPU.ActiveCfg = Release|Any CPU
		{2EF8E5B3-270E-4250-808B-F05C0AC112B6}.Release|Any CPU.Build.0 = Release|Any CPU
		{2EF8E5B3-270E-4250-808B-F05C0AC112B6}.Release|ARM.ActiveCfg = Release|Any CPU
		{2EF8E5B3-270E-4250-808B-F05C0AC112B6}.Release|ARM.Build.0 = Release|Any CPU
		{2EF8E5B3-270E-4250-808B-F05C0AC112B6}.Release|x64.ActiveCfg = Release|Any CPU
		{2EF8E5B3-270E-4250-808B-F05C0AC112B6}.Release|x64.Build.0 = Release|Any CPU
		{2EF8E5B3-270E-4250-808B-F05C0AC112B6}.Release|x86.ActiveCfg = Release|Any CPU
		{2EF8E5B3-270E-4250-808B-F05C0AC112B6}.Release|x86.Build.0 = Release|Any CPU
		{45F859BD-526E-47ED-8231-341F4C3E0136}.Debug|Any CPU.ActiveCfg = Debug|Any CPU
		{45F859BD-526E-47ED-8231-341F4C3E0136}.Debug|Any CPU.Build.0 = Debug|Any CPU
		{45F859BD-526E-47ED-8231-341F4C3E0136}.Debug|ARM.ActiveCfg = Debug|Any CPU
		{45F859BD-526E-47ED-8231-341F4C3E0136}.Debug|ARM.Build.0 = Debug|Any CPU
		{45F859BD-526E-47ED-8231-341F4C3E0136}.Debug|x64.ActiveCfg = Debug|Any CPU
		{45F859BD-526E-47ED-8231-341F4C3E0136}.Debug|x64.Build.0 = Debug|Any CPU
		{45F859BD-526E-47ED-8231-341F4C3E0136}.Debug|x86.ActiveCfg = Debug|Any CPU
		{45F859BD-526E-47ED-8231-341F4C3E0136}.Debug|x86.Build.0 = Debug|Any CPU
		{45F859BD-526E-47ED-8231-341F4C3E0136}.Release|Any CPU.ActiveCfg = Release|Any CPU
		{45F859BD-526E-47ED-8231-341F4C3E0136}.Release|Any CPU.Build.0 = Release|Any CPU
		{45F859BD-526E-47ED-8231-341F4C3E0136}.Release|ARM.ActiveCfg = Release|Any CPU
		{45F859BD-526E-47ED-8231-341F4C3E0136}.Release|ARM.Build.0 = Release|Any CPU
		{45F859BD-526E-47ED-8231-341F4C3E0136}.Release|x64.ActiveCfg = Release|Any CPU
		{45F859BD-526E-47ED-8231-341F4C3E0136}.Release|x64.Build.0 = Release|Any CPU
		{45F859BD-526E-47ED-8231-341F4C3E0136}.Release|x86.ActiveCfg = Release|Any CPU
		{45F859BD-526E-47ED-8231-341F4C3E0136}.Release|x86.Build.0 = Release|Any CPU
		{390E3013-129E-4BFE-937E-E023EF16F4AF}.Debug|Any CPU.ActiveCfg = Debug|Any CPU
		{390E3013-129E-4BFE-937E-E023EF16F4AF}.Debug|Any CPU.Build.0 = Debug|Any CPU
		{390E3013-129E-4BFE-937E-E023EF16F4AF}.Debug|ARM.ActiveCfg = Debug|Any CPU
		{390E3013-129E-4BFE-937E-E023EF16F4AF}.Debug|ARM.Build.0 = Debug|Any CPU
		{390E3013-129E-4BFE-937E-E023EF16F4AF}.Debug|x64.ActiveCfg = Debug|Any CPU
		{390E3013-129E-4BFE-937E-E023EF16F4AF}.Debug|x64.Build.0 = Debug|Any CPU
		{390E3013-129E-4BFE-937E-E023EF16F4AF}.Debug|x86.ActiveCfg = Debug|Any CPU
		{390E3013-129E-4BFE-937E-E023EF16F4AF}.Debug|x86.Build.0 = Debug|Any CPU
		{390E3013-129E-4BFE-937E-E023EF16F4AF}.Release|Any CPU.ActiveCfg = Release|Any CPU
		{390E3013-129E-4BFE-937E-E023EF16F4AF}.Release|Any CPU.Build.0 = Release|Any CPU
		{390E3013-129E-4BFE-937E-E023EF16F4AF}.Release|ARM.ActiveCfg = Release|Any CPU
		{390E3013-129E-4BFE-937E-E023EF16F4AF}.Release|ARM.Build.0 = Release|Any CPU
		{390E3013-129E-4BFE-937E-E023EF16F4AF}.Release|x64.ActiveCfg = Release|Any CPU
		{390E3013-129E-4BFE-937E-E023EF16F4AF}.Release|x64.Build.0 = Release|Any CPU
		{390E3013-129E-4BFE-937E-E023EF16F4AF}.Release|x86.ActiveCfg = Release|Any CPU
		{390E3013-129E-4BFE-937E-E023EF16F4AF}.Release|x86.Build.0 = Release|Any CPU
		{0783F59B-6299-4EF6-8591-B8792EA6475E}.Debug|Any CPU.ActiveCfg = Debug|Any CPU
		{0783F59B-6299-4EF6-8591-B8792EA6475E}.Debug|Any CPU.Build.0 = Debug|Any CPU
		{0783F59B-6299-4EF6-8591-B8792EA6475E}.Debug|ARM.ActiveCfg = Debug|Any CPU
		{0783F59B-6299-4EF6-8591-B8792EA6475E}.Debug|ARM.Build.0 = Debug|Any CPU
		{0783F59B-6299-4EF6-8591-B8792EA6475E}.Debug|x64.ActiveCfg = Debug|Any CPU
		{0783F59B-6299-4EF6-8591-B8792EA6475E}.Debug|x64.Build.0 = Debug|Any CPU
		{0783F59B-6299-4EF6-8591-B8792EA6475E}.Debug|x86.ActiveCfg = Debug|Any CPU
		{0783F59B-6299-4EF6-8591-B8792EA6475E}.Debug|x86.Build.0 = Debug|Any CPU
		{0783F59B-6299-4EF6-8591-B8792EA6475E}.Release|Any CPU.ActiveCfg = Release|Any CPU
		{0783F59B-6299-4EF6-8591-B8792EA6475E}.Release|Any CPU.Build.0 = Release|Any CPU
		{0783F59B-6299-4EF6-8591-B8792EA6475E}.Release|ARM.ActiveCfg = Release|Any CPU
		{0783F59B-6299-4EF6-8591-B8792EA6475E}.Release|ARM.Build.0 = Release|Any CPU
		{0783F59B-6299-4EF6-8591-B8792EA6475E}.Release|x64.ActiveCfg = Release|Any CPU
		{0783F59B-6299-4EF6-8591-B8792EA6475E}.Release|x64.Build.0 = Release|Any CPU
		{0783F59B-6299-4EF6-8591-B8792EA6475E}.Release|x86.ActiveCfg = Release|Any CPU
		{0783F59B-6299-4EF6-8591-B8792EA6475E}.Release|x86.Build.0 = Release|Any CPU
	EndGlobalSection
	GlobalSection(SolutionProperties) = preSolution
		HideSolutionNode = FALSE
	EndGlobalSection
	GlobalSection(ExtensibilityGlobals) = postSolution
		SolutionGuid = {471CDC70-1375-42CC-A7B4-1A6F79E31EC0}
	EndGlobalSection
EndGlobal
